
Microsoft Visual Studio Solution File, Format Version 12.00
# Visual Studio Version 17
VisualStudioVersion = 17.4.33213.308
MinimumVisualStudioVersion = 10.0.40219.1
Project("{9A19103F-16F7-4668-BE54-9A1E7A4F7556}") = "WinOptimizationTool.Functions", "src\WinOptimizationTool.Functions\WinOptimizationTool.Functions.csproj", "{76D29680-AD26-4357-8D6C-3D5963ED3820}"
EndProject
Project("{9A19103F-16F7-4668-BE54-9A1E7A4F7556}") = "WinOptimizationTool", "src\WinOptimizationTool\WinOptimizationTool.csproj", "{3795A00C-18DD-4BF3-9933-FA7D39A2E26B}"
EndProject
Project("{FAE04EC0-301F-11D3-BF4B-00C04F79EFBC}") = "WinOptimizationTool.Core", "src\WinOptimizationTool.Core\WinOptimizationTool.Core.csproj", "{3B52FA40-7F49-434C-AE0D-954FA1605307}"
EndProject
Global
	GlobalSection(SolutionConfigurationPlatforms) = preSolution
		Debug|Any CPU = Debug|Any CPU
		Release|Any CPU = Release|Any CPU
	EndGlobalSection
	GlobalSection(ProjectConfigurationPlatforms) = postSolution
		{76D29680-AD26-4357-8D6C-3D5963ED3820}.Debug|Any CPU.ActiveCfg = Debug|Any CPU
		{76D29680-AD26-4357-8D6C-3D5963ED3820}.Debug|Any CPU.Build.0 = Debug|Any CPU
		{76D29680-AD26-4357-8D6C-3D5963ED3820}.Release|Any CPU.ActiveCfg = Release|Any CPU
		{76D29680-AD26-4357-8D6C-3D5963ED3820}.Release|Any CPU.Build.0 = Release|Any CPU
		{3795A00C-18DD-4BF3-9933-FA7D39A2E26B}.Debug|Any CPU.ActiveCfg = Debug|Any CPU
		{3795A00C-18DD-4BF3-9933-FA7D39A2E26B}.Debug|Any CPU.Build.0 = Debug|Any CPU
		{3795A00C-18DD-4BF3-9933-FA7D39A2E26B}.Release|Any CPU.ActiveCfg = Release|Any CPU
		{3795A00C-18DD-4BF3-9933-FA7D39A2E26B}.Release|Any CPU.Build.0 = Release|Any CPU
		{3B52FA40-7F49-434C-AE0D-954FA1605307}.Debug|Any CPU.ActiveCfg = Debug|Any CPU
		{3B52FA40-7F49-434C-AE0D-954FA1605307}.Debug|Any CPU.Build.0 = Debug|Any CPU
		{3B52FA40-7F49-434C-AE0D-954FA1605307}.Release|Any CPU.ActiveCfg = Release|Any CPU
		{3B52FA40-7F49-434C-AE0D-954FA1605307}.Release|Any CPU.Build.0 = Release|Any CPU
	EndGlobalSection
	GlobalSection(SolutionProperties) = preSolution
		HideSolutionNode = FALSE
	EndGlobalSection
	GlobalSection(ExtensibilityGlobals) = postSolution
		SolutionGuid = {A73ACC31-E926-47B3-8482-45C2579212A3}
	EndGlobalSection
EndGlobal
